PODS:
  - Charts (3.5.0):
    - Charts/Core (= 3.5.0)
  - Charts/Core (3.5.0)
  - Realm (5.0.0):
    - Realm/Headers (= 5.0.0)
  - Realm/Headers (5.0.0)
  - RealmSwift (5.0.0):
    - Realm (= 5.0.0)
  - TinyConstraints (4.0.1)

DEPENDENCIES:
  - Charts
  - RealmSwift
  - TinyConstraints

SPEC REPOS:
  trunk:
    - Charts
    - Realm
    - RealmSwift
    - TinyConstraints

SPEC CHECKSUMS:
  Charts: 40a08591df1f8ad5c223ddedfb1a06da92f24f7c
  Realm: 76066d333de26f97e9caedaa85ee3ff4a62ca265
  RealmSwift: c1bdff09b422569dc6881410d9ccf712bcdb79b0
  TinyConstraints: 8dd91295e56797648c7bc335dd20e1d91ec4c192

PODFILE CHECKSUM: 8c0f6781de49b6deb0ddd3630d195bd6c2ae1213

COCOAPODS: 1.9.1
