// !$*UTF8*$!
{
	archiveVersion = 1;
	classes = {
	};
	objectVersion = 52;
	objects = {

/* Begin PBXBuildFile section */
		1276E413BD2D84001E2CC529 /* Pods_Vane.framework in Frameworks */ = {isa = PBXBuildFile; fileRef = 89EAF42B918A2688C39C0F88 /* Pods_Vane.framework */; };
		49BC59BA2EEC175BA49F91EA /* Pods_VaneTests.framework in Frameworks */ = {isa = PBXBuildFile; fileRef = 006BA8C44CE47DAD61D05124 /* Pods_VaneTests.framework */; };
		49C77C642479283500F46775 /* DayCell.swift in Sources */ = {isa = PBXBuildFile; fileRef = 49C77C632479283500F46775 /* DayCell.swift */; };
		49C77C6624795E2500F46775 /* ProgressViewController.swift in Sources */ = {isa = PBXBuildFile; fileRef = 49C77C6524795E2500F46775 /* ProgressViewController.swift */; };
		49C77C692479624300F46775 /* FacebookViewController.swift in Sources */ = {isa = PBXBuildFile; fileRef = 49C77C682479624300F46775 /* FacebookViewController.swift */; };
		49CCF62F246C482A0065EC0C /* FacebookLogin in Frameworks */ = {isa = PBXBuildFile; productRef = 49CCF62E246C482A0065EC0C /* FacebookLogin */; };
		49CCF631246C482A0065EC0C /* FacebookShare in Frameworks */ = {isa = PBXBuildFile; productRef = 49CCF630246C482A0065EC0C /* FacebookShare */; };
		49CCF633246C482A0065EC0C /* FacebookCore in Frameworks */ = {isa = PBXBuildFile; productRef = 49CCF632246C482A0065EC0C /* FacebookCore */; };
		906F2858EF31E3DAF5E6E2D1 /* Pods_Vane_VaneUITests.framework in Frameworks */ = {isa = PBXBuildFile; fileRef = 3A2A4584FC085E113A75815D /* Pods_Vane_VaneUITests.framework */; };
		B203CBCD2471B5F2003213FF /* Storage.swift in Sources */ = {isa = PBXBuildFile; fileRef = B203CBCC2471B5F2003213FF /* Storage.swift */; };
		B203CBCF2471B8B1003213FF /* HabitSetupViewController.swift in Sources */ = {isa = PBXBuildFile; fileRef = B203CBCE2471B8B1003213FF /* HabitSetupViewController.swift */; };
		B203CBD12471DA87003213FF /* constants.swift in Sources */ = {isa = PBXBuildFile; fileRef = B203CBD02471DA87003213FF /* constants.swift */; };
		B247E2132478502F00E59417 /* OnboardingView.xib in Resources */ = {isa = PBXBuildFile; fileRef = B247E2122478502F00E59417 /* OnboardingView.xib */; };
		B247E2152478545A00E59417 /* OnboardingView.swift in Sources */ = {isa = PBXBuildFile; fileRef = B247E2142478545A00E59417 /* OnboardingView.swift */; };
		B247E217247855F800E59417 /* OnboardingViewController.swift in Sources */ = {isa = PBXBuildFile; fileRef = B247E216247855F800E59417 /* OnboardingViewController.swift */; };
		B247E21E2478622400E59417 /* NotificationsManager.swift in Sources */ = {isa = PBXBuildFile; fileRef = B247E21D2478622400E59417 /* NotificationsManager.swift */; };
		B247E2202478624600E59417 /* NotificationObject.swift in Sources */ = {isa = PBXBuildFile; fileRef = B247E21F2478624600E59417 /* NotificationObject.swift */; };
		B247E2222478627000E59417 /* NotificationContent.swift in Sources */ = {isa = PBXBuildFile; fileRef = B247E2212478627000E59417 /* NotificationContent.swift */; };
		B247E2242478629400E59417 /* NotificationStorage.swift in Sources */ = {isa = PBXBuildFile; fileRef = B247E2232478629400E59417 /* NotificationStorage.swift */; };
		B247E226247862C000E59417 /* NotificationSound.swift in Sources */ = {isa = PBXBuildFile; fileRef = B247E225247862C000E59417 /* NotificationSound.swift */; };
		B247E2282478630800E59417 /* VaneNotificationsController.swift in Sources */ = {isa = PBXBuildFile; fileRef = B247E2272478630800E59417 /* VaneNotificationsController.swift */; };
		B247E22A247865D200E59417 /* PermissionManager.swift in Sources */ = {isa = PBXBuildFile; fileRef = B247E229247865D200E59417 /* PermissionManager.swift */; };
		B2937FFF243CD0C700B0BCAF /* AppDelegate.swift in Sources */ = {isa = PBXBuildFile; fileRef = B2937FFE243CD0C700B0BCAF /* AppDelegate.swift */; };
		B2938006243CD0C700B0BCAF /* Main.storyboard in Resources */ = {isa = PBXBuildFile; fileRef = B2938004243CD0C700B0BCAF /* Main.storyboard */; };
		B2938008243CD0C800B0BCAF /* Assets.xcassets in Resources */ = {isa = PBXBuildFile; fileRef = B2938007243CD0C800B0BCAF /* Assets.xcassets */; };
		B293800B243CD0C800B0BCAF /* LaunchScreen.storyboard in Resources */ = {isa = PBXBuildFile; fileRef = B2938009243CD0C800B0BCAF /* LaunchScreen.storyboard */; };
		B2938016243CD0C800B0BCAF /* VaneTests.swift in Sources */ = {isa = PBXBuildFile; fileRef = B2938015243CD0C800B0BCAF /* VaneTests.swift */; };
		B2938021243CD0C800B0BCAF /* VaneUITests.swift in Sources */ = {isa = PBXBuildFile; fileRef = B2938020243CD0C800B0BCAF /* VaneUITests.swift */; };
		B2A02B232476DA180045A201 /* HabitIconCell.swift in Sources */ = {isa = PBXBuildFile; fileRef = B2A02B222476DA180045A201 /* HabitIconCell.swift */; };
		B2A02B252476E3660045A201 /* PickerView.swift in Sources */ = {isa = PBXBuildFile; fileRef = B2A02B242476E3660045A201 /* PickerView.swift */; };
		B2A02B272476E56C0045A201 /* PickerViewController.swift in Sources */ = {isa = PBXBuildFile; fileRef = B2A02B262476E56C0045A201 /* PickerViewController.swift */; };
		B2C67F102440E4DA00A70EA2 /* HabitViewController.swift in Sources */ = {isa = PBXBuildFile; fileRef = B2C67F0F2440E4DA00A70EA2 /* HabitViewController.swift */; };
		B2C67F122440E6D800A70EA2 /* HabitCell.swift in Sources */ = {isa = PBXBuildFile; fileRef = B2C67F112440E6D800A70EA2 /* HabitCell.swift */; };
		B2C67F142440E73A00A70EA2 /* Habit.swift in Sources */ = {isa = PBXBuildFile; fileRef = B2C67F132440E73A00A70EA2 /* Habit.swift */; };
/* End PBXBuildFile section */

/* Begin PBXContainerItemProxy section */
		B2938012243CD0C800B0BCAF /* PBXContainerItemProxy */ = {
			isa = PBXContainerItemProxy;
			containerPortal = B2937FF3243CD0C700B0BCAF /* Project object */;
			proxyType = 1;
			remoteGlobalIDString = B2937FFA243CD0C700B0BCAF;
			remoteInfo = Vane;
		};
		B293801D243CD0C800B0BCAF /* PBXContainerItemProxy */ = {
			isa = PBXContainerItemProxy;
			containerPortal = B2937FF3243CD0C700B0BCAF /* Project object */;
			proxyType = 1;
			remoteGlobalIDString = B2937FFA243CD0C700B0BCAF;
			remoteInfo = Vane;
		};
/* End PBXContainerItemProxy section */

/* Begin PBXFileReference section */
		006BA8C44CE47DAD61D05124 /* Pods_VaneTests.framework */ = {isa = PBXFileReference; explicitFileType = wrapper.framework; includeInIndex = 0; path = Pods_VaneTests.framework; sourceTree = BUILT_PRODUCTS_DIR; };
		3A2A4584FC085E113A75815D /* Pods_Vane_VaneUITests.framework */ = {isa = PBXFileReference; explicitFileType = wrapper.framework; includeInIndex = 0; path = Pods_Vane_VaneUITests.framework; sourceTree = BUILT_PRODUCTS_DIR; };
		49C77C632479283500F46775 /* DayCell.swift */ = {isa = PBXFileReference; fileEncoding = 4; lastKnownFileType = sourcecode.swift; path = DayCell.swift; sourceTree = "<group>"; };
		49C77C6524795E2500F46775 /* ProgressViewController.swift */ = {isa = PBXFileReference; lastKnownFileType = sourcecode.swift; path = ProgressViewController.swift; sourceTree = "<group>"; };
		49C77C682479624300F46775 /* FacebookViewController.swift */ = {isa = PBXFileReference; fileEncoding = 4; lastKnownFileType = sourcecode.swift; path = FacebookViewController.swift; sourceTree = "<group>"; };
		49CCF638246D64380065EC0C /* ProfileViewController.swift */ = {isa = PBXFileReference; lastKnownFileType = sourcecode.swift; path = ProfileViewController.swift; sourceTree = "<group>"; };
		4A9092D96FFC0B0EF961D199 /* Pods-VaneTests.debug.xcconfig */ = {isa = PBXFileReference; includeInIndex = 1; lastKnownFileType = text.xcconfig; name = "Pods-VaneTests.debug.xcconfig"; path = "Target Support Files/Pods-VaneTests/Pods-VaneTests.debug.xcconfig"; sourceTree = "<group>"; };
		5C4D5B423D70370A100FDEB4 /* Pods-VaneTests.release.xcconfig */ = {isa = PBXFileReference; includeInIndex = 1; lastKnownFileType = text.xcconfig; name = "Pods-VaneTests.release.xcconfig"; path = "Target Support Files/Pods-VaneTests/Pods-VaneTests.release.xcconfig"; sourceTree = "<group>"; };
		85DCD1662A0A74459CB9E18F /* Pods-Vane-VaneUITests.debug.xcconfig */ = {isa = PBXFileReference; includeInIndex = 1; lastKnownFileType = text.xcconfig; name = "Pods-Vane-VaneUITests.debug.xcconfig"; path = "Target Support Files/Pods-Vane-VaneUITests/Pods-Vane-VaneUITests.debug.xcconfig"; sourceTree = "<group>"; };
		89EAF42B918A2688C39C0F88 /* Pods_Vane.framework */ = {isa = PBXFileReference; explicitFileType = wrapper.framework; includeInIndex = 0; path = Pods_Vane.framework; sourceTree = BUILT_PRODUCTS_DIR; };
		B203CBCC2471B5F2003213FF /* Storage.swift */ = {isa = PBXFileReference; lastKnownFileType = sourcecode.swift; path = Storage.swift; sourceTree = "<group>"; };
		B203CBCE2471B8B1003213FF /* HabitSetupViewController.swift */ = {isa = PBXFileReference; lastKnownFileType = sourcecode.swift; path = HabitSetupViewController.swift; sourceTree = "<group>"; };
		B203CBD02471DA87003213FF /* constants.swift */ = {isa = PBXFileReference; lastKnownFileType = sourcecode.swift; path = constants.swift; sourceTree = "<group>"; };
		B247E2122478502F00E59417 /* OnboardingView.xib */ = {isa = PBXFileReference; lastKnownFileType = file.xib; path = OnboardingView.xib; sourceTree = "<group>"; };
		B247E2142478545A00E59417 /* OnboardingView.swift */ = {isa = PBXFileReference; lastKnownFileType = sourcecode.swift; path = OnboardingView.swift; sourceTree = "<group>"; };
		B247E216247855F800E59417 /* OnboardingViewController.swift */ = {isa = PBXFileReference; lastKnownFileType = sourcecode.swift; path = OnboardingViewController.swift; sourceTree = "<group>"; };
		B247E21D2478622400E59417 /* NotificationsManager.swift */ = {isa = PBXFileReference; lastKnownFileType = sourcecode.swift; path = NotificationsManager.swift; sourceTree = "<group>"; };
		B247E21F2478624600E59417 /* NotificationObject.swift */ = {isa = PBXFileReference; lastKnownFileType = sourcecode.swift; path = NotificationObject.swift; sourceTree = "<group>"; };
		B247E2212478627000E59417 /* NotificationContent.swift */ = {isa = PBXFileReference; lastKnownFileType = sourcecode.swift; path = NotificationContent.swift; sourceTree = "<group>"; };
		B247E2232478629400E59417 /* NotificationStorage.swift */ = {isa = PBXFileReference; lastKnownFileType = sourcecode.swift; path = NotificationStorage.swift; sourceTree = "<group>"; };
		B247E225247862C000E59417 /* NotificationSound.swift */ = {isa = PBXFileReference; lastKnownFileType = sourcecode.swift; path = NotificationSound.swift; sourceTree = "<group>"; };
		B247E2272478630800E59417 /* VaneNotificationsController.swift */ = {isa = PBXFileReference; lastKnownFileType = sourcecode.swift; path = VaneNotificationsController.swift; sourceTree = "<group>"; };
		B247E229247865D200E59417 /* PermissionManager.swift */ = {isa = PBXFileReference; lastKnownFileType = sourcecode.swift; path = PermissionManager.swift; sourceTree = "<group>"; };
		B2937FFB243CD0C700B0BCAF /* Vane.app */ = {isa = PBXFileReference; explicitFileType = wrapper.application; includeInIndex = 0; path = Vane.app; sourceTree = BUILT_PRODUCTS_DIR; };
		B2937FFE243CD0C700B0BCAF /* AppDelegate.swift */ = {isa = PBXFileReference; lastKnownFileType = sourcecode.swift; path = AppDelegate.swift; sourceTree = "<group>"; };
		B2938005243CD0C700B0BCAF /* Base */ = {isa = PBXFileReference; lastKnownFileType = file.storyboard; name = Base; path = Base.lproj/Main.storyboard; sourceTree = "<group>"; };
		B2938007243CD0C800B0BCAF /* Assets.xcassets */ = {isa = PBXFileReference; lastKnownFileType = folder.assetcatalog; path = Assets.xcassets; sourceTree = "<group>"; };
		B293800A243CD0C800B0BCAF /* Base */ = {isa = PBXFileReference; lastKnownFileType = file.storyboard; name = Base; path = Base.lproj/LaunchScreen.storyboard; sourceTree = "<group>"; };
		B293800C243CD0C800B0BCAF /* Info.plist */ = {isa = PBXFileReference; lastKnownFileType = text.plist.xml; path = Info.plist; sourceTree = "<group>"; };
		B2938011243CD0C800B0BCAF /* VaneTests.xctest */ = {isa = PBXFileReference; explicitFileType = wrapper.cfbundle; includeInIndex = 0; path = VaneTests.xctest; sourceTree = BUILT_PRODUCTS_DIR; };
		B2938015243CD0C800B0BCAF /* VaneTests.swift */ = {isa = PBXFileReference; lastKnownFileType = sourcecode.swift; path = VaneTests.swift; sourceTree = "<group>"; };
		B2938017243CD0C800B0BCAF /* Info.plist */ = {isa = PBXFileReference; lastKnownFileType = text.plist.xml; path = Info.plist; sourceTree = "<group>"; };
		B293801C243CD0C800B0BCAF /* VaneUITests.xctest */ = {isa = PBXFileReference; explicitFileType = wrapper.cfbundle; includeInIndex = 0; path = VaneUITests.xctest; sourceTree = BUILT_PRODUCTS_DIR; };
		B2938020243CD0C800B0BCAF /* VaneUITests.swift */ = {isa = PBXFileReference; lastKnownFileType = sourcecode.swift; path = VaneUITests.swift; sourceTree = "<group>"; };
		B2938022243CD0C800B0BCAF /* Info.plist */ = {isa = PBXFileReference; lastKnownFileType = text.plist.xml; path = Info.plist; sourceTree = "<group>"; };
		B2A02B222476DA180045A201 /* HabitIconCell.swift */ = {isa = PBXFileReference; lastKnownFileType = sourcecode.swift; path = HabitIconCell.swift; sourceTree = "<group>"; };
		B2A02B242476E3660045A201 /* PickerView.swift */ = {isa = PBXFileReference; lastKnownFileType = sourcecode.swift; path = PickerView.swift; sourceTree = "<group>"; };
		B2A02B262476E56C0045A201 /* PickerViewController.swift */ = {isa = PBXFileReference; lastKnownFileType = sourcecode.swift; path = PickerViewController.swift; sourceTree = "<group>"; };
		B2C67F0F2440E4DA00A70EA2 /* HabitViewController.swift */ = {isa = PBXFileReference; lastKnownFileType = sourcecode.swift; path = HabitViewController.swift; sourceTree = "<group>"; };
		B2C67F112440E6D800A70EA2 /* HabitCell.swift */ = {isa = PBXFileReference; lastKnownFileType = sourcecode.swift; path = HabitCell.swift; sourceTree = "<group>"; };
		B2C67F132440E73A00A70EA2 /* Habit.swift */ = {isa = PBXFileReference; lastKnownFileType = sourcecode.swift; path = Habit.swift; sourceTree = "<group>"; };
		C807AC87C9264DAE31837CDD /* Pods-Vane-VaneUITests.release.xcconfig */ = {isa = PBXFileReference; includeInIndex = 1; lastKnownFileType = text.xcconfig; name = "Pods-Vane-VaneUITests.release.xcconfig"; path = "Target Support Files/Pods-Vane-VaneUITests/Pods-Vane-VaneUITests.release.xcconfig"; sourceTree = "<group>"; };
		F50CADDA194EBE694A18917F /* Pods-Vane.release.xcconfig */ = {isa = PBXFileReference; includeInIndex = 1; lastKnownFileType = text.xcconfig; name = "Pods-Vane.release.xcconfig"; path = "Target Support Files/Pods-Vane/Pods-Vane.release.xcconfig"; sourceTree = "<group>"; };
		FAC04846B038B2C0ADD06134 /* Pods-Vane.debug.xcconfig */ = {isa = PBXFileReference; includeInIndex = 1; lastKnownFileType = text.xcconfig; name = "Pods-Vane.debug.xcconfig"; path = "Target Support Files/Pods-Vane/Pods-Vane.debug.xcconfig"; sourceTree = "<group>"; };
/* End PBXFileReference section */

/* Begin PBXFrameworksBuildPhase section */
		B2937FF8243CD0C700B0BCAF /* Frameworks */ = {
			isa = PBXFrameworksBuildPhase;
			buildActionMask = 2147483647;
			files = (
				49CCF631246C482A0065EC0C /* FacebookShare in Frameworks */,
				49CCF633246C482A0065EC0C /* FacebookCore in Frameworks */,
				49CCF62F246C482A0065EC0C /* FacebookLogin in Frameworks */,
				1276E413BD2D84001E2CC529 /* Pods_Vane.framework in Frameworks */,
			);
			runOnlyForDeploymentPostprocessing = 0;
		};
		B293800E243CD0C800B0BCAF /* Frameworks */ = {
			isa = PBXFrameworksBuildPhase;
			buildActionMask = 2147483647;
			files = (
				49BC59BA2EEC175BA49F91EA /* Pods_VaneTests.framework in Frameworks */,
			);
			runOnlyForDeploymentPostprocessing = 0;
		};
		B2938019243CD0C800B0BCAF /* Frameworks */ = {
			isa = PBXFrameworksBuildPhase;
			buildActionMask = 2147483647;
			files = (
				906F2858EF31E3DAF5E6E2D1 /* Pods_Vane_VaneUITests.framework in Frameworks */,
			);
			runOnlyForDeploymentPostprocessing = 0;
		};
/* End PBXFrameworksBuildPhase section */

/* Begin PBXGroup section */
		037C5E2A55F85D90546CCD34 /* Frameworks */ = {
			isa = PBXGroup;
			children = (
				89EAF42B918A2688C39C0F88 /* Pods_Vane.framework */,
				3A2A4584FC085E113A75815D /* Pods_Vane_VaneUITests.framework */,
				006BA8C44CE47DAD61D05124 /* Pods_VaneTests.framework */,
			);
			name = Frameworks;
			sourceTree = "<group>";
		};
		49C77C6724795E3200F46775 /* Progress */ = {
			isa = PBXGroup;
			children = (
				49C77C6524795E2500F46775 /* ProgressViewController.swift */,
			);
			path = Progress;
			sourceTree = "<group>";
		};
		B247E2112478501700E59417 /* Onboarding */ = {
			isa = PBXGroup;
			children = (
				B247E2122478502F00E59417 /* OnboardingView.xib */,
				B247E2142478545A00E59417 /* OnboardingView.swift */,
				B247E216247855F800E59417 /* OnboardingViewController.swift */,
			);
			path = Onboarding;
			sourceTree = "<group>";
		};
		B247E21824785AF800E59417 /* HabitList */ = {
			isa = PBXGroup;
			children = (
				B2C67F0F2440E4DA00A70EA2 /* HabitViewController.swift */,
				B2C67F112440E6D800A70EA2 /* HabitCell.swift */,
			);
			path = HabitList;
			sourceTree = "<group>";
		};
		B247E21924785B1600E59417 /* HabitSetup */ = {
			isa = PBXGroup;
			children = (
				B2A02B242476E3660045A201 /* PickerView.swift */,
				B2A02B262476E56C0045A201 /* PickerViewController.swift */,
				B203CBCE2471B8B1003213FF /* HabitSetupViewController.swift */,
				B2A02B222476DA180045A201 /* HabitIconCell.swift */,
			);
			path = HabitSetup;
			sourceTree = "<group>";
		};
		B247E21A24785B4900E59417 /* Supporting Files */ = {
			isa = PBXGroup;
			children = (
				B2937FFE243CD0C700B0BCAF /* AppDelegate.swift */,
				B2938004243CD0C700B0BCAF /* Main.storyboard */,
				B2938007243CD0C800B0BCAF /* Assets.xcassets */,
				B2938009243CD0C800B0BCAF /* LaunchScreen.storyboard */,
				B293800C243CD0C800B0BCAF /* Info.plist */,
			);
			path = "Supporting Files";
			sourceTree = "<group>";
		};
		B247E21C2478620F00E59417 /* Notifications */ = {
			isa = PBXGroup;
			children = (
				B247E21D2478622400E59417 /* NotificationsManager.swift */,
				B247E21F2478624600E59417 /* NotificationObject.swift */,
				B247E2212478627000E59417 /* NotificationContent.swift */,
				B247E2232478629400E59417 /* NotificationStorage.swift */,
				B247E225247862C000E59417 /* NotificationSound.swift */,
				B247E2272478630800E59417 /* VaneNotificationsController.swift */,
				B247E229247865D200E59417 /* PermissionManager.swift */,
			);
			path = Notifications;
			sourceTree = "<group>";
		};
		B2937FF2243CD0C700B0BCAF = {
			isa = PBXGroup;
			children = (
				B2937FFD243CD0C700B0BCAF /* Vane */,
				B2938014243CD0C800B0BCAF /* VaneTests */,
				B293801F243CD0C800B0BCAF /* VaneUITests */,
				B2937FFC243CD0C700B0BCAF /* Products */,
				C8082172CFDD22EDD7110849 /* Pods */,
				037C5E2A55F85D90546CCD34 /* Frameworks */,
			);
			sourceTree = "<group>";
		};
		B2937FFC243CD0C700B0BCAF /* Products */ = {
			isa = PBXGroup;
			children = (
				B2937FFB243CD0C700B0BCAF /* Vane.app */,
				B2938011243CD0C800B0BCAF /* VaneTests.xctest */,
				B293801C243CD0C800B0BCAF /* VaneUITests.xctest */,
			);
			name = Products;
			sourceTree = "<group>";
		};
		B2937FFD243CD0C700B0BCAF /* Vane */ = {
			isa = PBXGroup;
			children = (
				49C77C6724795E3200F46775 /* Progress */,
				B247E21C2478620F00E59417 /* Notifications */,
				B247E21A24785B4900E59417 /* Supporting Files */,
				B247E21924785B1600E59417 /* HabitSetup */,
				B247E21824785AF800E59417 /* HabitList */,
				B247E2112478501700E59417 /* Onboarding */,
				B2C67F132440E73A00A70EA2 /* Habit.swift */,
				49C77C632479283500F46775 /* DayCell.swift */,
				B203CBCC2471B5F2003213FF /* Storage.swift */,
				49C77C682479624300F46775 /* FacebookViewController.swift */,
				B203CBD02471DA87003213FF /* constants.swift */,
			);
			path = Vane;
			sourceTree = "<group>";
		};
		B2938014243CD0C800B0BCAF /* VaneTests */ = {
			isa = PBXGroup;
			children = (
				B2938015243CD0C800B0BCAF /* VaneTests.swift */,
				B2938017243CD0C800B0BCAF /* Info.plist */,
			);
			path = VaneTests;
			sourceTree = "<group>";
		};
		B293801F243CD0C800B0BCAF /* VaneUITests */ = {
			isa = PBXGroup;
			children = (
				B2938020243CD0C800B0BCAF /* VaneUITests.swift */,
				B2938022243CD0C800B0BCAF /* Info.plist */,
			);
			path = VaneUITests;
			sourceTree = "<group>";
		};
		C8082172CFDD22EDD7110849 /* Pods */ = {
			isa = PBXGroup;
			children = (
				FAC04846B038B2C0ADD06134 /* Pods-Vane.debug.xcconfig */,
				F50CADDA194EBE694A18917F /* Pods-Vane.release.xcconfig */,
				85DCD1662A0A74459CB9E18F /* Pods-Vane-VaneUITests.debug.xcconfig */,
				C807AC87C9264DAE31837CDD /* Pods-Vane-VaneUITests.release.xcconfig */,
				4A9092D96FFC0B0EF961D199 /* Pods-VaneTests.debug.xcconfig */,
				5C4D5B423D70370A100FDEB4 /* Pods-VaneTests.release.xcconfig */,
			);
			path = Pods;
			sourceTree = "<group>";
		};
/* End PBXGroup section */

/* Begin PBXNativeTarget section */
		B2937FFA243CD0C700B0BCAF /* Vane */ = {
			isa = PBXNativeTarget;
			buildConfigurationList = B2938025243CD0C800B0BCAF /* Build configuration list for PBXNativeTarget "Vane" */;
			buildPhases = (
				5ED986673F8C47E24F78CA4C /* [CP] Check Pods Manifest.lock */,
				B2937FF7243CD0C700B0BCAF /* Sources */,
				B2937FF8243CD0C700B0BCAF /* Frameworks */,
				B2937FF9243CD0C700B0BCAF /* Resources */,
				BC6EEF033CE9E307CF3FA04C /* [CP] Embed Pods Frameworks */,
			);
			buildRules = (
			);
			dependencies = (
			);
			name = Vane;
			packageProductDependencies = (
				49CCF62E246C482A0065EC0C /* FacebookLogin */,
				49CCF630246C482A0065EC0C /* FacebookShare */,
				49CCF632246C482A0065EC0C /* FacebookCore */,
			);
			productName = Vane;
			productReference = B2937FFB243CD0C700B0BCAF /* Vane.app */;
			productType = "com.apple.product-type.application";
		};
		B2938010243CD0C800B0BCAF /* VaneTests */ = {
			isa = PBXNativeTarget;
			buildConfigurationList = B2938028243CD0C800B0BCAF /* Build configuration list for PBXNativeTarget "VaneTests" */;
			buildPhases = (
				6A003E87CE43AD1B428DA6EC /* [CP] Check Pods Manifest.lock */,
				B293800D243CD0C800B0BCAF /* Sources */,
				B293800E243CD0C800B0BCAF /* Frameworks */,
				B293800F243CD0C800B0BCAF /* Resources */,
			);
			buildRules = (
			);
			dependencies = (
				B2938013243CD0C800B0BCAF /* PBXTargetDependency */,
			);
			name = VaneTests;
			productName = VaneTests;
			productReference = B2938011243CD0C800B0BCAF /* VaneTests.xctest */;
			productType = "com.apple.product-type.bundle.unit-test";
		};
		B293801B243CD0C800B0BCAF /* VaneUITests */ = {
			isa = PBXNativeTarget;
			buildConfigurationList = B293802B243CD0C800B0BCAF /* Build configuration list for PBXNativeTarget "VaneUITests" */;
			buildPhases = (
				FD97E039DB0B4EA3621B59DB /* [CP] Check Pods Manifest.lock */,
				B2938018243CD0C800B0BCAF /* Sources */,
				B2938019243CD0C800B0BCAF /* Frameworks */,
				B293801A243CD0C800B0BCAF /* Resources */,
				41689823E7E197F3794B6360 /* [CP] Embed Pods Frameworks */,
			);
			buildRules = (
			);
			dependencies = (
				B293801E243CD0C800B0BCAF /* PBXTargetDependency */,
			);
			name = VaneUITests;
			productName = VaneUITests;
			productReference = B293801C243CD0C800B0BCAF /* VaneUITests.xctest */;
			productType = "com.apple.product-type.bundle.ui-testing";
		};
/* End PBXNativeTarget section */

/* Begin PBXProject section */
		B2937FF3243CD0C700B0BCAF /* Project object */ = {
			isa = PBXProject;
			attributes = {
				LastSwiftUpdateCheck = 1140;
				LastUpgradeCheck = 1140;
				ORGANIZATIONNAME = "Andrey Antosha";
				TargetAttributes = {
					B2937FFA243CD0C700B0BCAF = {
						CreatedOnToolsVersion = 11.4;
					};
					B2938010243CD0C800B0BCAF = {
						CreatedOnToolsVersion = 11.4;
						TestTargetID = B2937FFA243CD0C700B0BCAF;
					};
					B293801B243CD0C800B0BCAF = {
						CreatedOnToolsVersion = 11.4;
						TestTargetID = B2937FFA243CD0C700B0BCAF;
					};
				};
			};
			buildConfigurationList = B2937FF6243CD0C700B0BCAF /* Build configuration list for PBXProject "Vane" */;
			compatibilityVersion = "Xcode 9.3";
			developmentRegion = en;
			hasScannedForEncodings = 0;
			knownRegions = (
				en,
				Base,
			);
			mainGroup = B2937FF2243CD0C700B0BCAF;
			packageReferences = (
				49CCF62D246C482A0065EC0C /* XCRemoteSwiftPackageReference "facebook-ios-sdk" */,
			);
			productRefGroup = B2937FFC243CD0C700B0BCAF /* Products */;
			projectDirPath = "";
			projectRoot = "";
			targets = (
				B2937FFA243CD0C700B0BCAF /* Vane */,
				B2938010243CD0C800B0BCAF /* VaneTests */,
				B293801B243CD0C800B0BCAF /* VaneUITests */,
			);
		};
/* End PBXProject section */

/* Begin PBXResourcesBuildPhase section */
		B2937FF9243CD0C700B0BCAF /* Resources */ = {
			isa = PBXResourcesBuildPhase;
			buildActionMask = 2147483647;
			files = (
				B293800B243CD0C800B0BCAF /* LaunchScreen.storyboard in Resources */,
				B247E2132478502F00E59417 /* OnboardingView.xib in Resources */,
				B2938008243CD0C800B0BCAF /* Assets.xcassets in Resources */,
				B2938006243CD0C700B0BCAF /* Main.storyboard in Resources */,
			);
			runOnlyForDeploymentPostprocessing = 0;
		};
		B293800F243CD0C800B0BCAF /* Resources */ = {
			isa = PBXResourcesBuildPhase;
			buildActionMask = 2147483647;
			files = (
			);
			runOnlyForDeploymentPostprocessing = 0;
		};
		B293801A243CD0C800B0BCAF /* Resources */ = {
			isa = PBXResourcesBuildPhase;
			buildActionMask = 2147483647;
			files = (
			);
			runOnlyForDeploymentPostprocessing = 0;
		};
/* End PBXResourcesBuildPhase section */

/* Begin PBXShellScriptBuildPhase section */
		41689823E7E197F3794B6360 /* [CP] Embed Pods Frameworks */ = {
			isa = PBXShellScriptBuildPhase;
			buildActionMask = 2147483647;
			files = (
			);
			inputFileListPaths = (
				"${PODS_ROOT}/Target Support Files/Pods-Vane-VaneUITests/Pods-Vane-VaneUITests-frameworks-${CONFIGURATION}-input-files.xcfilelist",
			);
			name = "[CP] Embed Pods Frameworks";
			outputFileListPaths = (
				"${PODS_ROOT}/Target Support Files/Pods-Vane-VaneUITests/Pods-Vane-VaneUITests-frameworks-${CONFIGURATION}-output-files.xcfilelist",
			);
			runOnlyForDeploymentPostprocessing = 0;
			shellPath = /bin/sh;
			shellScript = "\"${PODS_ROOT}/Target Support Files/Pods-Vane-VaneUITests/Pods-Vane-VaneUITests-frameworks.sh\"\n";
			showEnvVarsInLog = 0;
		};
		5ED986673F8C47E24F78CA4C /* [CP] Check Pods Manifest.lock */ = {
			isa = PBXShellScriptBuildPhase;
			buildActionMask = 2147483647;
			files = (
			);
			inputFileListPaths = (
			);
			inputPaths = (
				"${PODS_PODFILE_DIR_PATH}/Podfile.lock",
				"${PODS_ROOT}/Manifest.lock",
			);
			name = "[CP] Check Pods Manifest.lock";
			outputFileListPaths = (
			);
			outputPaths = (
				"$(DERIVED_FILE_DIR)/Pods-Vane-checkManifestLockResult.txt",
			);
			runOnlyForDeploymentPostprocessing = 0;
			shellPath = /bin/sh;
			shellScript = "diff \"${PODS_PODFILE_DIR_PATH}/Podfile.lock\" \"${PODS_ROOT}/Manifest.lock\" > /dev/null\nif [ $? != 0 ] ; then\n    # print error to STDERR\n    echo \"error: The sandbox is not in sync with the Podfile.lock. Run 'pod install' or update your CocoaPods installation.\" >&2\n    exit 1\nfi\n# This output is used by Xcode 'outputs' to avoid re-running this script phase.\necho \"SUCCESS\" > \"${SCRIPT_OUTPUT_FILE_0}\"\n";
			showEnvVarsInLog = 0;
		};
		6A003E87CE43AD1B428DA6EC /* [CP] Check Pods Manifest.lock */ = {
			isa = PBXShellScriptBuildPhase;
			buildActionMask = 2147483647;
			files = (
			);
			inputFileListPaths = (
			);
			inputPaths = (
				"${PODS_PODFILE_DIR_PATH}/Podfile.lock",
				"${PODS_ROOT}/Manifest.lock",
			);
			name = "[CP] Check Pods Manifest.lock";
			outputFileListPaths = (
			);
			outputPaths = (
				"$(DERIVED_FILE_DIR)/Pods-VaneTests-checkManifestLockResult.txt",
			);
			runOnlyForDeploymentPostprocessing = 0;
			shellPath = /bin/sh;
			shellScript = "diff \"${PODS_PODFILE_DIR_PATH}/Podfile.lock\" \"${PODS_ROOT}/Manifest.lock\" > /dev/null\nif [ $? != 0 ] ; then\n    # print error to STDERR\n    echo \"error: The sandbox is not in sync with the Podfile.lock. Run 'pod install' or update your CocoaPods installation.\" >&2\n    exit 1\nfi\n# This output is used by Xcode 'outputs' to avoid re-running this script phase.\necho \"SUCCESS\" > \"${SCRIPT_OUTPUT_FILE_0}\"\n";
			showEnvVarsInLog = 0;
		};
		BC6EEF033CE9E307CF3FA04C /* [CP] Embed Pods Frameworks */ = {
			isa = PBXShellScriptBuildPhase;
			buildActionMask = 2147483647;
			files = (
			);
			inputFileListPaths = (
				"${PODS_ROOT}/Target Support Files/Pods-Vane/Pods-Vane-frameworks-${CONFIGURATION}-input-files.xcfilelist",
			);
			name = "[CP] Embed Pods Frameworks";
			outputFileListPaths = (
				"${PODS_ROOT}/Target Support Files/Pods-Vane/Pods-Vane-frameworks-${CONFIGURATION}-output-files.xcfilelist",
			);
			runOnlyForDeploymentPostprocessing = 0;
			shellPath = /bin/sh;
			shellScript = "\"${PODS_ROOT}/Target Support Files/Pods-Vane/Pods-Vane-frameworks.sh\"\n";
			showEnvVarsInLog = 0;
		};
		FD97E039DB0B4EA3621B59DB /* [CP] Check Pods Manifest.lock */ = {
			isa = PBXShellScriptBuildPhase;
			buildActionMask = 2147483647;
			files = (
			);
			inputFileListPaths = (
			);
			inputPaths = (
				"${PODS_PODFILE_DIR_PATH}/Podfile.lock",
				"${PODS_ROOT}/Manifest.lock",
			);
			name = "[CP] Check Pods Manifest.lock";
			outputFileListPaths = (
			);
			outputPaths = (
				"$(DERIVED_FILE_DIR)/Pods-Vane-VaneUITests-checkManifestLockResult.txt",
			);
			runOnlyForDeploymentPostprocessing = 0;
			shellPath = /bin/sh;
			shellScript = "diff \"${PODS_PODFILE_DIR_PATH}/Podfile.lock\" \"${PODS_ROOT}/Manifest.lock\" > /dev/null\nif [ $? != 0 ] ; then\n    # print error to STDERR\n    echo \"error: The sandbox is not in sync with the Podfile.lock. Run 'pod install' or update your CocoaPods installation.\" >&2\n    exit 1\nfi\n# This output is used by Xcode 'outputs' to avoid re-running this script phase.\necho \"SUCCESS\" > \"${SCRIPT_OUTPUT_FILE_0}\"\n";
			showEnvVarsInLog = 0;
		};
/* End PBXShellScriptBuildPhase section */

/* Begin PBXSourcesBuildPhase section */
		B2937FF7243CD0C700B0BCAF /* Sources */ = {
			isa = PBXSourcesBuildPhase;
			buildActionMask = 2147483647;
			files = (
				B2937FFF243CD0C700B0BCAF /* AppDelegate.swift in Sources */,
				49C77C692479624300F46775 /* FacebookViewController.swift in Sources */,
				B203CBCF2471B8B1003213FF /* HabitSetupViewController.swift in Sources */,
				B2C67F142440E73A00A70EA2 /* Habit.swift in Sources */,
				49C77C6624795E2500F46775 /* ProgressViewController.swift in Sources */,
				B247E2202478624600E59417 /* NotificationObject.swift in Sources */,
				B2A02B272476E56C0045A201 /* PickerViewController.swift in Sources */,
				B203CBD12471DA87003213FF /* constants.swift in Sources */,
				B247E22A247865D200E59417 /* PermissionManager.swift in Sources */,
				B247E2222478627000E59417 /* NotificationContent.swift in Sources */,
				B247E217247855F800E59417 /* OnboardingViewController.swift in Sources */,
				B2A02B232476DA180045A201 /* HabitIconCell.swift in Sources */,
				49C77C642479283500F46775 /* DayCell.swift in Sources */,
				49CCF639246D64380065EC0C /* ProfileViewController.swift in Sources */,
				B247E21E2478622400E59417 /* NotificationsManager.swift in Sources */,
				B2A02B252476E3660045A201 /* PickerView.swift in Sources */,
				B247E226247862C000E59417 /* NotificationSound.swift in Sources */,
				B203CBCD2471B5F2003213FF /* Storage.swift in Sources */,
				B247E2242478629400E59417 /* NotificationStorage.swift in Sources */,
				B247E2282478630800E59417 /* VaneNotificationsController.swift in Sources */,
				B2C67F122440E6D800A70EA2 /* HabitCell.swift in Sources */,
				B2C67F102440E4DA00A70EA2 /* HabitViewController.swift in Sources */,
				B247E2152478545A00E59417 /* OnboardingView.swift in Sources */,
			);
			runOnlyForDeploymentPostprocessing = 0;
		};
		B293800D243CD0C800B0BCAF /* Sources */ = {
			isa = PBXSourcesBuildPhase;
			buildActionMask = 2147483647;
			files = (
				B2938016243CD0C800B0BCAF /* VaneTests.swift in Sources */,
			);
			runOnlyForDeploymentPostprocessing = 0;
		};
		B2938018243CD0C800B0BCAF /* Sources */ = {
			isa = PBXSourcesBuildPhase;
			buildActionMask = 2147483647;
			files = (
				B2938021243CD0C800B0BCAF /* VaneUITests.swift in Sources */,
			);
			runOnlyForDeploymentPostprocessing = 0;
		};
/* End PBXSourcesBuildPhase section */

/* Begin PBXTargetDependency section */
		B2938013243CD0C800B0BCAF /* PBXTargetDependency */ = {
			isa = PBXTargetDependency;
			target = B2937FFA243CD0C700B0BCAF /* Vane */;
			targetProxy = B2938012243CD0C800B0BCAF /* PBXContainerItemProxy */;
		};
		B293801E243CD0C800B0BCAF /* PBXTargetDependency */ = {
			isa = PBXTargetDependency;
			target = B2937FFA243CD0C700B0BCAF /* Vane */;
			targetProxy = B293801D243CD0C800B0BCAF /* PBXContainerItemProxy */;
		};
/* End PBXTargetDependency section */

/* Begin PBXVariantGroup section */
		B2938004243CD0C700B0BCAF /* Main.storyboard */ = {
			isa = PBXVariantGroup;
			children = (
				B2938005243CD0C700B0BCAF /* Base */,
			);
			name = Main.storyboard;
			sourceTree = "<group>";
		};
		B2938009243CD0C800B0BCAF /* LaunchScreen.storyboard */ = {
			isa = PBXVariantGroup;
			children = (
				B293800A243CD0C800B0BCAF /* Base */,
			);
			name = LaunchScreen.storyboard;
			sourceTree = "<group>";
		};
/* End PBXVariantGroup section */

/* Begin XCBuildConfiguration section */
		B2938023243CD0C800B0BCAF /* Debug */ = {
			isa = XCBuildConfiguration;
			buildSettings = {
				ALWAYS_SEARCH_USER_PATHS = NO;
				CLANG_ANALYZER_NONNULL = YES;
				CLANG_ANALYZER_NUMBER_OBJECT_CONVERSION = YES_AGGRESSIVE;
				CLANG_CXX_LANGUAGE_STANDARD = "gnu++14";
				CLANG_CXX_LIBRARY = "libc++";
				CLANG_ENABLE_MODULES = YES;
				CLANG_ENABLE_OBJC_ARC = YES;
				CLANG_ENABLE_OBJC_WEAK = YES;
				CLANG_WARN_BLOCK_CAPTURE_AUTORELEASING = YES;
				CLANG_WARN_BOOL_CONVERSION = YES;
				CLANG_WARN_COMMA = YES;
				CLANG_WARN_CONSTANT_CONVERSION = YES;
				CLANG_WARN_DEPRECATED_OBJC_IMPLEMENTATIONS = YES;
				CLANG_WARN_DIRECT_OBJC_ISA_USAGE = YES_ERROR;
				CLANG_WARN_DOCUMENTATION_COMMENTS = YES;
				CLANG_WARN_EMPTY_BODY = YES;
				CLANG_WARN_ENUM_CONVERSION = YES;
				CLANG_WARN_INFINITE_RECURSION = YES;
				CLANG_WARN_INT_CONVERSION = YES;
				CLANG_WARN_NON_LITERAL_NULL_CONVERSION = YES;
				CLANG_WARN_OBJC_IMPLICIT_RETAIN_SELF = YES;
				CLANG_WARN_OBJC_LITERAL_CONVERSION = YES;
				CLANG_WARN_OBJC_ROOT_CLASS = YES_ERROR;
				CLANG_WARN_RANGE_LOOP_ANALYSIS = YES;
				CLANG_WARN_STRICT_PROTOTYPES = YES;
				CLANG_WARN_SUSPICIOUS_MOVE = YES;
				CLANG_WARN_UNGUARDED_AVAILABILITY = YES_AGGRESSIVE;
				CLANG_WARN_UNREACHABLE_CODE = YES;
				CLANG_WARN__DUPLICATE_METHOD_MATCH = YES;
				COPY_PHASE_STRIP = NO;
				DEBUG_INFORMATION_FORMAT = dwarf;
				ENABLE_STRICT_OBJC_MSGSEND = YES;
				ENABLE_TESTABILITY = YES;
				GCC_C_LANGUAGE_STANDARD = gnu11;
				GCC_DYNAMIC_NO_PIC = NO;
				GCC_NO_COMMON_BLOCKS = YES;
				GCC_OPTIMIZATION_LEVEL = 0;
				GCC_PREPROCESSOR_DEFINITIONS = (
					"DEBUG=1",
					"$(inherited)",
				);
				GCC_WARN_64_TO_32_BIT_CONVERSION = YES;
				GCC_WARN_ABOUT_RETURN_TYPE = YES_ERROR;
				GCC_WARN_UNDECLARED_SELECTOR = YES;
				GCC_WARN_UNINITIALIZED_AUTOS = YES_AGGRESSIVE;
				GCC_WARN_UNUSED_FUNCTION = YES;
				GCC_WARN_UNUSED_VARIABLE = YES;
				IPHONEOS_DEPLOYMENT_TARGET = 13.4;
				MTL_ENABLE_DEBUG_INFO = INCLUDE_SOURCE;
				MTL_FAST_MATH = YES;
				ONLY_ACTIVE_ARCH = YES;
				"OTHER_LDFLAGS[arch=*]" = "-ObjC";
				SDKROOT = iphoneos;
				SWIFT_ACTIVE_COMPILATION_CONDITIONS = DEBUG;
				SWIFT_OPTIMIZATION_LEVEL = "-Onone";
			};
			name = Debug;
		};
		B2938024243CD0C800B0BCAF /* Release */ = {
			isa = XCBuildConfiguration;
			buildSettings = {
				ALWAYS_SEARCH_USER_PATHS = NO;
				CLANG_ANALYZER_NONNULL = YES;
				CLANG_ANALYZER_NUMBER_OBJECT_CONVERSION = YES_AGGRESSIVE;
				CLANG_CXX_LANGUAGE_STANDARD = "gnu++14";
				CLANG_CXX_LIBRARY = "libc++";
				CLANG_ENABLE_MODULES = YES;
				CLANG_ENABLE_OBJC_ARC = YES;
				CLANG_ENABLE_OBJC_WEAK = YES;
				CLANG_WARN_BLOCK_CAPTURE_AUTORELEASING = YES;
				CLANG_WARN_BOOL_CONVERSION = YES;
				CLANG_WARN_COMMA = YES;
				CLANG_WARN_CONSTANT_CONVERSION = YES;
				CLANG_WARN_DEPRECATED_OBJC_IMPLEMENTATIONS = YES;
				CLANG_WARN_DIRECT_OBJC_ISA_USAGE = YES_ERROR;
				CLANG_WARN_DOCUMENTATION_COMMENTS = YES;
				CLANG_WARN_EMPTY_BODY = YES;
				CLANG_WARN_ENUM_CONVERSION = YES;
				CLANG_WARN_INFINITE_RECURSION = YES;
				CLANG_WARN_INT_CONVERSION = YES;
				CLANG_WARN_NON_LITERAL_NULL_CONVERSION = YES;
				CLANG_WARN_OBJC_IMPLICIT_RETAIN_SELF = YES;
				CLANG_WARN_OBJC_LITERAL_CONVERSION = YES;
				CLANG_WARN_OBJC_ROOT_CLASS = YES_ERROR;
				CLANG_WARN_RANGE_LOOP_ANALYSIS = YES;
				CLANG_WARN_STRICT_PROTOTYPES = YES;
				CLANG_WARN_SUSPICIOUS_MOVE = YES;
				CLANG_WARN_UNGUARDED_AVAILABILITY = YES_AGGRESSIVE;
				CLANG_WARN_UNREACHABLE_CODE = YES;
				CLANG_WARN__DUPLICATE_METHOD_MATCH = YES;
				COPY_PHASE_STRIP = NO;
				DEBUG_INFORMATION_FORMAT = "dwarf-with-dsym";
				ENABLE_NS_ASSERTIONS = NO;
				ENABLE_STRICT_OBJC_MSGSEND = YES;
				GCC_C_LANGUAGE_STANDARD = gnu11;
				GCC_NO_COMMON_BLOCKS = YES;
				GCC_WARN_64_TO_32_BIT_CONVERSION = YES;
				GCC_WARN_ABOUT_RETURN_TYPE = YES_ERROR;
				GCC_WARN_UNDECLARED_SELECTOR = YES;
				GCC_WARN_UNINITIALIZED_AUTOS = YES_AGGRESSIVE;
				GCC_WARN_UNUSED_FUNCTION = YES;
				GCC_WARN_UNUSED_VARIABLE = YES;
				IPHONEOS_DEPLOYMENT_TARGET = 13.4;
				MTL_ENABLE_DEBUG_INFO = NO;
				MTL_FAST_MATH = YES;
				"OTHER_LDFLAGS[arch=*]" = "-ObjC";
				SDKROOT = iphoneos;
				SWIFT_COMPILATION_MODE = wholemodule;
				SWIFT_OPTIMIZATION_LEVEL = "-O";
				VALIDATE_PRODUCT = YES;
			};
			name = Release;
		};
		B2938026243CD0C800B0BCAF /* Debug */ = {
			isa = XCBuildConfiguration;
			baseConfigurationReference = FAC04846B038B2C0ADD06134 /* Pods-Vane.debug.xcconfig */;
			buildSettings = {
				ASSETCATALOG_COMPILER_APPICON_NAME = AppIcon;
				CODE_SIGN_STYLE = Automatic;
				DEVELOPMENT_TEAM = SJLZGCMFS9;
				INFOPLIST_FILE = "$(SRCROOT)/Vane/Supporting Files/Info.plist";
				LD_RUNPATH_SEARCH_PATHS = (
					"$(inherited)",
					"@executable_path/Frameworks",
				);
				PRODUCT_BUNDLE_IDENTIFIER = com.application.vane;
				PRODUCT_NAME = "$(TARGET_NAME)";
				SWIFT_VERSION = 5.0;
				TARGETED_DEVICE_FAMILY = 1;
			};
			name = Debug;
		};
		B2938027243CD0C800B0BCAF /* Release */ = {
			isa = XCBuildConfiguration;
			baseConfigurationReference = F50CADDA194EBE694A18917F /* Pods-Vane.release.xcconfig */;
			buildSettings = {
				ASSETCATALOG_COMPILER_APPICON_NAME = AppIcon;
				CODE_SIGN_STYLE = Automatic;
				DEVELOPMENT_TEAM = SJLZGCMFS9;
				INFOPLIST_FILE = "$(SRCROOT)/Vane/Supporting Files/Info.plist";
				LD_RUNPATH_SEARCH_PATHS = (
					"$(inherited)",
					"@executable_path/Frameworks",
				);
				PRODUCT_BUNDLE_IDENTIFIER = com.application.vane;
				PRODUCT_NAME = "$(TARGET_NAME)";
				SWIFT_VERSION = 5.0;
				TARGETED_DEVICE_FAMILY = 1;
			};
			name = Release;
		};
		B2938029243CD0C800B0BCAF /* Debug */ = {
			isa = XCBuildConfiguration;
			baseConfigurationReference = 4A9092D96FFC0B0EF961D199 /* Pods-VaneTests.debug.xcconfig */;
			buildSettings = {
				ALWAYS_EMBED_SWIFT_STANDARD_LIBRARIES = YES;
				BUNDLE_LOADER = "$(TEST_HOST)";
				CODE_SIGN_STYLE = Automatic;
				INFOPLIST_FILE = VaneTests/Info.plist;
				IPHONEOS_DEPLOYMENT_TARGET = 13.4;
				LD_RUNPATH_SEARCH_PATHS = (
					"$(inherited)",
					"@executable_path/Frameworks",
					"@loader_path/Frameworks",
				);
				PRODUCT_BUNDLE_IDENTIFIER = vane.io.VaneTests;
				PRODUCT_NAME = "$(TARGET_NAME)";
				SWIFT_VERSION = 5.0;
				TARGETED_DEVICE_FAMILY = "1,2";
				TEST_HOST = "$(BUILT_PRODUCTS_DIR)/Vane.app/Vane";
			};
			name = Debug;
		};
		B293802A243CD0C800B0BCAF /* Release */ = {
			isa = XCBuildConfiguration;
			baseConfigurationReference = 5C4D5B423D70370A100FDEB4 /* Pods-VaneTests.release.xcconfig */;
			buildSettings = {
				ALWAYS_EMBED_SWIFT_STANDARD_LIBRARIES = YES;
				BUNDLE_LOADER = "$(TEST_HOST)";
				CODE_SIGN_STYLE = Automatic;
				INFOPLIST_FILE = VaneTests/Info.plist;
				IPHONEOS_DEPLOYMENT_TARGET = 13.4;
				LD_RUNPATH_SEARCH_PATHS = (
					"$(inherited)",
					"@executable_path/Frameworks",
					"@loader_path/Frameworks",
				);
				PRODUCT_BUNDLE_IDENTIFIER = vane.io.VaneTests;
				PRODUCT_NAME = "$(TARGET_NAME)";
				SWIFT_VERSION = 5.0;
				TARGETED_DEVICE_FAMILY = "1,2";
				TEST_HOST = "$(BUILT_PRODUCTS_DIR)/Vane.app/Vane";
			};
			name = Release;
		};
		B293802C243CD0C800B0BCAF /* Debug */ = {
			isa = XCBuildConfiguration;
			baseConfigurationReference = 85DCD1662A0A74459CB9E18F /* Pods-Vane-VaneUITests.debug.xcconfig */;
			buildSettings = {
				ALWAYS_EMBED_SWIFT_STANDARD_LIBRARIES = YES;
				CODE_SIGN_STYLE = Automatic;
				INFOPLIST_FILE = VaneUITests/Info.plist;
				LD_RUNPATH_SEARCH_PATHS = (
					"$(inherited)",
					"@executable_path/Frameworks",
					"@loader_path/Frameworks",
				);
				PRODUCT_BUNDLE_IDENTIFIER = vane.io.VaneUITests;
				PRODUCT_NAME = "$(TARGET_NAME)";
				SWIFT_VERSION = 5.0;
				TARGETED_DEVICE_FAMILY = "1,2";
				TEST_TARGET_NAME = Vane;
			};
			name = Debug;
		};
		B293802D243CD0C800B0BCAF /* Release */ = {
			isa = XCBuildConfiguration;
			baseConfigurationReference = C807AC87C9264DAE31837CDD /* Pods-Vane-VaneUITests.release.xcconfig */;
			buildSettings = {
				ALWAYS_EMBED_SWIFT_STANDARD_LIBRARIES = YES;
				CODE_SIGN_STYLE = Automatic;
				INFOPLIST_FILE = VaneUITests/Info.plist;
				LD_RUNPATH_SEARCH_PATHS = (
					"$(inherited)",
					"@executable_path/Frameworks",
					"@loader_path/Frameworks",
				);
				PRODUCT_BUNDLE_IDENTIFIER = vane.io.VaneUITests;
				PRODUCT_NAME = "$(TARGET_NAME)";
				SWIFT_VERSION = 5.0;
				TARGETED_DEVICE_FAMILY = "1,2";
				TEST_TARGET_NAME = Vane;
			};
			name = Release;
		};
/* End XCBuildConfiguration section */

/* Begin XCConfigurationList section */
		B2937FF6243CD0C700B0BCAF /* Build configuration list for PBXProject "Vane" */ = {
			isa = XCConfigurationList;
			buildConfigurations = (
				B2938023243CD0C800B0BCAF /* Debug */,
				B2938024243CD0C800B0BCAF /* Release */,
			);
			defaultConfigurationIsVisible = 0;
			defaultConfigurationName = Release;
		};
		B2938025243CD0C800B0BCAF /* Build configuration list for PBXNativeTarget "Vane" */ = {
			isa = XCConfigurationList;
			buildConfigurations = (
				B2938026243CD0C800B0BCAF /* Debug */,
				B2938027243CD0C800B0BCAF /* Release */,
			);
			defaultConfigurationIsVisible = 0;
			defaultConfigurationName = Release;
		};
		B2938028243CD0C800B0BCAF /* Build configuration list for PBXNativeTarget "VaneTests" */ = {
			isa = XCConfigurationList;
			buildConfigurations = (
				B2938029243CD0C800B0BCAF /* Debug */,
				B293802A243CD0C800B0BCAF /* Release */,
			);
			defaultConfigurationIsVisible = 0;
			defaultConfigurationName = Release;
		};
		B293802B243CD0C800B0BCAF /* Build configuration list for PBXNativeTarget "VaneUITests" */ = {
			isa = XCConfigurationList;
			buildConfigurations = (
				B293802C243CD0C800B0BCAF /* Debug */,
				B293802D243CD0C800B0BCAF /* Release */,
			);
			defaultConfigurationIsVisible = 0;
			defaultConfigurationName = Release;
		};
/* End XCConfigurationList section */

/* Begin XCRemoteSwiftPackageReference section */
		49CCF62D246C482A0065EC0C /* XCRemoteSwiftPackageReference "facebook-ios-sdk" */ = {
			isa = XCRemoteSwiftPackageReference;
			repositoryURL = "https://github.com/facebook/facebook-ios-sdk";
			requirement = {
				kind = upToNextMajorVersion;
				minimumVersion = 7.0.0;
			};
		};
/* End XCRemoteSwiftPackageReference section */

/* Begin XCSwiftPackageProductDependency section */
		49CCF62E246C482A0065EC0C /* FacebookLogin */ = {
			isa = XCSwiftPackageProductDependency;
			package = 49CCF62D246C482A0065EC0C /* XCRemoteSwiftPackageReference "facebook-ios-sdk" */;
			productName = FacebookLogin;
		};
		49CCF630246C482A0065EC0C /* FacebookShare */ = {
			isa = XCSwiftPackageProductDependency;
			package = 49CCF62D246C482A0065EC0C /* XCRemoteSwiftPackageReference "facebook-ios-sdk" */;
			productName = FacebookShare;
		};
		49CCF632246C482A0065EC0C /* FacebookCore */ = {
			isa = XCSwiftPackageProductDependency;
			package = 49CCF62D246C482A0065EC0C /* XCRemoteSwiftPackageReference "facebook-ios-sdk" */;
			productName = FacebookCore;
		};
/* End XCSwiftPackageProductDependency section */
	};
	rootObject = B2937FF3243CD0C700B0BCAF /* Project object */;
}
